// !$*UTF8*$!
{
	archiveVersion = 1;
	classes = {
	};
	objectVersion = 52;
	objects = {

/* Begin PBXBuildFile section */
		CA10AC5523D12652009B7EBE /* Flurry.xcframework in Frameworks */ = {isa = PBXBuildFile; fileRef = CA10AC5423D12652009B7EBE /* Flurry.xcframework */; };
		CA7089C223A05F82004E9733 /* AppDelegate.swift in Sources */ = {isa = PBXBuildFile; fileRef = CA7089C123A05F82004E9733 /* AppDelegate.swift */; };
		CA7089C423A05F82004E9733 /* SceneDelegate.swift in Sources */ = {isa = PBXBuildFile; fileRef = CA7089C323A05F82004E9733 /* SceneDelegate.swift */; };
		CA7089C623A05F82004E9733 /* ViewController.swift in Sources */ = {isa = PBXBuildFile; fileRef = CA7089C523A05F82004E9733 /* ViewController.swift */; };
		CA7089C923A05F82004E9733 /* Main.storyboard in Resources */ = {isa = PBXBuildFile; fileRef = CA7089C723A05F82004E9733 /* Main.storyboard */; };
		CA7089CB23A05F84004E9733 /* Assets.xcassets in Resources */ = {isa = PBXBuildFile; fileRef = CA7089CA23A05F84004E9733 /* Assets.xcassets */; };
		CA7089CE23A05F84004E9733 /* LaunchScreen.storyboard in Resources */ = {isa = PBXBuildFile; fileRef = CA7089CC23A05F84004E9733 /* LaunchScreen.storyboard */; };
		CA7089E923A17436004E9733 /* Security.framework in Frameworks */ = {isa = PBXBuildFile; fileRef = CA7089E823A17436004E9733 /* Security.framework */; };
		CA7089EB23A17448004E9733 /* SystemConfiguration.framework in Frameworks */ = {isa = PBXBuildFile; fileRef = CA7089EA23A17448004E9733 /* SystemConfiguration.framework */; };
/* End PBXBuildFile section */

/* Begin PBXCopyFilesBuildPhase section */
		CA7089E023A06C96004E9733 /* Embed Frameworks */ = {
			isa = PBXCopyFilesBuildPhase;
			buildActionMask = 2147483647;
			dstPath = "";
			dstSubfolderSpec = 0;
			files = (
			);
			name = "Embed Frameworks";
			runOnlyForDeploymentPostprocessing = 0;
		};
/* End PBXCopyFilesBuildPhase section */

/* Begin PBXFileReference section */
		CA10AC5423D12652009B7EBE /* Flurry.xcframework */ = {isa = PBXFileReference; lastKnownFileType = wrapper.xcframework; path = Flurry.xcframework; sourceTree = "<group>"; };
		CA7089BE23A05F82004E9733 /* catalinaTestApp.app */ = {isa = PBXFileReference; explicitFileType = wrapper.application; includeInIndex = 0; path = catalinaTestApp.app; sourceTree = BUILT_PRODUCTS_DIR; };
		CA7089C123A05F82004E9733 /* AppDelegate.swift */ = {isa = PBXFileReference; lastKnownFileType = sourcecode.swift; path = AppDelegate.swift; sourceTree = "<group>"; };
		CA7089C323A05F82004E9733 /* SceneDelegate.swift */ = {isa = PBXFileReference; lastKnownFileType = sourcecode.swift; path = SceneDelegate.swift; sourceTree = "<group>"; };
		CA7089C523A05F82004E9733 /* ViewController.swift */ = {isa = PBXFileReference; lastKnownFileType = sourcecode.swift; path = ViewController.swift; sourceTree = "<group>"; };
		CA7089C823A05F82004E9733 /* Base */ = {isa = PBXFileReference; lastKnownFileType = file.storyboard; name = Base; path = Base.lproj/Main.storyboard; sourceTree = "<group>"; };
		CA7089CA23A05F84004E9733 /* Assets.xcassets */ = {isa = PBXFileReference; lastKnownFileType = folder.assetcatalog; path = Assets.xcassets; sourceTree = "<group>"; };
		CA7089CD23A05F84004E9733 /* Base */ = {isa = PBXFileReference; lastKnownFileType = file.storyboard; name = Base; path = Base.lproj/LaunchScreen.storyboard; sourceTree = "<group>"; };
		CA7089CF23A05F84004E9733 /* Info.plist */ = {isa = PBXFileReference; lastKnownFileType = text.plist.xml; path = Info.plist; sourceTree = "<group>"; };
		CA7089DA23A05FB2004E9733 /* catalinaTestApp.entitlements */ = {isa = PBXFileReference; lastKnownFileType = text.plist.entitlements; path = catalinaTestApp.entitlements; sourceTree = "<group>"; };
		CA7089E123A06E95004E9733 /* bridging-header.h */ = {isa = PBXFileReference; lastKnownFileType = sourcecode.c.h; path = "bridging-header.h"; sourceTree = "<group>"; };
		CA7089E223A06FEE004E9733 /* Security.framework */ = {isa = PBXFileReference; lastKnownFileType = wrapper.framework; name = Security.framework; path = System/Library/Frameworks/Security.framework; sourceTree = SDKROOT; };
		CA7089E423A06FFA004E9733 /* SystemConfiguration.framework */ = {isa = PBXFileReference; lastKnownFileType = wrapper.framework; name = SystemConfiguration.framework; path = System/Library/Frameworks/SystemConfiguration.framework; sourceTree = SDKROOT; };
		CA7089E623A0700B004E9733 /* CoreLocation.framework */ = {isa = PBXFileReference; lastKnownFileType = wrapper.framework; name = CoreLocation.framework; path = System/Library/Frameworks/CoreLocation.framework; sourceTree = SDKROOT; };
		CA7089E823A17436004E9733 /* Security.framework */ = {isa = PBXFileReference; lastKnownFileType = wrapper.framework; name = Security.framework; path = Platforms/MacOSX.platform/Developer/SDKs/MacOSX10.15.sdk/System/Library/Frameworks/Security.framework; sourceTree = DEVELOPER_DIR; };
		CA7089EA23A17448004E9733 /* SystemConfiguration.framework */ = {isa = PBXFileReference; lastKnownFileType = wrapper.framework; name = SystemConfiguration.framework; path = Platforms/MacOSX.platform/Developer/SDKs/MacOSX10.15.sdk/System/Library/Frameworks/SystemConfiguration.framework; sourceTree = DEVELOPER_DIR; };
/* End PBXFileReference section */

/* Begin PBXFrameworksBuildPhase section */
		CA7089BB23A05F82004E9733 /* Frameworks */ = {
			isa = PBXFrameworksBuildPhase;
			buildActionMask = 2147483647;
			files = (
				CA10AC5523D12652009B7EBE /* Flurry.xcframework in Frameworks */,
				CA7089EB23A17448004E9733 /* SystemConfiguration.framework in Frameworks */,
				CA7089E923A17436004E9733 /* Security.framework in Frameworks */,
			);
			runOnlyForDeploymentPostprocessing = 0;
		};
/* End PBXFrameworksBuildPhase section */

/* Begin PBXGroup section */
		CA7089B523A05F82004E9733 = {
			isa = PBXGroup;
			children = (
				CA7089C023A05F82004E9733 /* catalinaTestApp */,
				CA7089BF23A05F82004E9733 /* Products */,
				CA7089D523A05FA4004E9733 /* Frameworks */,
			);
			sourceTree = "<group>";
		};
		CA7089BF23A05F82004E9733 /* Products */ = {
			isa = PBXGroup;
			children = (
				CA7089BE23A05F82004E9733 /* catalinaTestApp.app */,
			);
			name = Products;
			sourceTree = "<group>";
		};
		CA7089C023A05F82004E9733 /* catalinaTestApp */ = {
			isa = PBXGroup;
			children = (
				CA7089DA23A05FB2004E9733 /* catalinaTestApp.entitlements */,
				CA7089C123A05F82004E9733 /* AppDelegate.swift */,
				CA7089C323A05F82004E9733 /* SceneDelegate.swift */,
				CA7089C523A05F82004E9733 /* ViewController.swift */,
				CA7089C723A05F82004E9733 /* Main.storyboard */,
				CA7089CA23A05F84004E9733 /* Assets.xcassets */,
				CA7089CC23A05F84004E9733 /* LaunchScreen.storyboard */,
				CA7089CF23A05F84004E9733 /* Info.plist */,
				CA7089E123A06E95004E9733 /* bridging-header.h */,
			);
			path = catalinaTestApp;
			sourceTree = "<group>";
		};
		CA7089D523A05FA4004E9733 /* Frameworks */ = {
			isa = PBXGroup;
			children = (
				CA10AC5423D12652009B7EBE /* Flurry.xcframework */,
				CA7089EA23A17448004E9733 /* SystemConfiguration.framework */,
				CA7089E823A17436004E9733 /* Security.framework */,
				CA7089E623A0700B004E9733 /* CoreLocation.framework */,
				CA7089E423A06FFA004E9733 /* SystemConfiguration.framework */,
				CA7089E223A06FEE004E9733 /* Security.framework */,
			);
			name = Frameworks;
			sourceTree = "<group>";
		};
/* End PBXGroup section */

/* Begin PBXNativeTarget section */
		CA7089BD23A05F82004E9733 /* catalinaTestApp */ = {
			isa = PBXNativeTarget;
			buildConfigurationList = CA7089D223A05F84004E9733 /* Build configuration list for PBXNativeTarget "catalinaTestApp" */;
			buildPhases = (
				CA7089BA23A05F82004E9733 /* Sources */,
				CA7089BB23A05F82004E9733 /* Frameworks */,
				CA7089BC23A05F82004E9733 /* Resources */,
				CA7089E023A06C96004E9733 /* Embed Frameworks */,
			);
			buildRules = (
			);
			dependencies = (
			);
			name = catalinaTestApp;
			productName = catalinaTestApp;
			productReference = CA7089BE23A05F82004E9733 /* catalinaTestApp.app */;
			productType = "com.apple.product-type.application";
		};
/* End PBXNativeTarget section */

/* Begin PBXProject section */
		CA7089B623A05F82004E9733 /* Project object */ = {
			isa = PBXProject;
			attributes = {
				LastSwiftUpdateCheck = 1120;
				LastUpgradeCheck = 1120;
				ORGANIZATIONNAME = Flurry;
				TargetAttributes = {
					CA7089BD23A05F82004E9733 = {
						CreatedOnToolsVersion = 11.2;
					};
				};
			};
			buildConfigurationList = CA7089B923A05F82004E9733 /* Build configuration list for PBXProject "catalinaTestApp" */;
			compatibilityVersion = "Xcode 9.3";
			developmentRegion = en;
			hasScannedForEncodings = 0;
			knownRegions = (
				en,
				Base,
			);
			mainGroup = CA7089B523A05F82004E9733;
			productRefGroup = CA7089BF23A05F82004E9733 /* Products */;
			projectDirPath = "";
			projectRoot = "";
			targets = (
				CA7089BD23A05F82004E9733 /* catalinaTestApp */,
			);
		};
/* End PBXProject section */

/* Begin PBXResourcesBuildPhase section */
		CA7089BC23A05F82004E9733 /* Resources */ = {
			isa = PBXResourcesBuildPhase;
			buildActionMask = 2147483647;
			files = (
				CA7089CE23A05F84004E9733 /* LaunchScreen.storyboard in Resources */,
				CA7089CB23A05F84004E9733 /* Assets.xcassets in Resources */,
				CA7089C923A05F82004E9733 /* Main.storyboard in Resources */,
			);
			runOnlyForDeploymentPostprocessing = 0;
		};
/* End PBXResourcesBuildPhase section */

/* Begin PBXSourcesBuildPhase section */
		CA7089BA23A05F82004E9733 /* Sources */ = {
			isa = PBXSourcesBuildPhase;
			buildActionMask = 2147483647;
			files = (
				CA7089C623A05F82004E9733 /* ViewController.swift in Sources */,
				CA7089C223A05F82004E9733 /* AppDelegate.swift in Sources */,
				CA7089C423A05F82004E9733 /* SceneDelegate.swift in Sources */,
			);
			runOnlyForDeploymentPostprocessing = 0;
		};
/* End PBXSourcesBuildPhase section */

/* Begin PBXVariantGroup section */
		CA7089C723A05F82004E9733 /* Main.storyboard */ = {
			isa = PBXVariantGroup;
			children = (
				CA7089C823A05F82004E9733 /* Base */,
			);
			name = Main.storyboard;
			sourceTree = "<group>";
		};
		CA7089CC23A05F84004E9733 /* LaunchScreen.storyboard */ = {
			isa = PBXVariantGroup;
			children = (
				CA7089CD23A05F84004E9733 /* Base */,
			);
			name = LaunchScreen.storyboard;
			sourceTree = "<group>";
		};
/* End PBXVariantGroup section */

/* Begin XCBuildConfiguration section */
		CA7089D023A05F84004E9733 /* Debug */ = {
			isa = XCBuildConfiguration;
			buildSettings = {
				ALWAYS_SEARCH_USER_PATHS = NO;
				CLANG_ANALYZER_NONNULL = YES;
				CLANG_ANALYZER_NUMBER_OBJECT_CONVERSION = YES_AGGRESSIVE;
				CLANG_CXX_LANGUAGE_STANDARD = "gnu++14";
				CLANG_CXX_LIBRARY = "libc++";
				CLANG_ENABLE_MODULES = YES;
				CLANG_ENABLE_OBJC_ARC = YES;
				CLANG_ENABLE_OBJC_WEAK = YES;
				CLANG_WARN_BLOCK_CAPTURE_AUTORELEASING = YES;
				CLANG_WARN_BOOL_CONVERSION = YES;
				CLANG_WARN_COMMA = YES;
				CLANG_WARN_CONSTANT_CONVERSION = YES;
				CLANG_WARN_DEPRECATED_OBJC_IMPLEMENTATIONS = YES;
				CLANG_WARN_DIRECT_OBJC_ISA_USAGE = YES_ERROR;
				CLANG_WARN_DOCUMENTATION_COMMENTS = YES;
				CLANG_WARN_EMPTY_BODY = YES;
				CLANG_WARN_ENUM_CONVERSION = YES;
				CLANG_WARN_INFINITE_RECURSION = YES;
				CLANG_WARN_INT_CONVERSION = YES;
				CLANG_WARN_NON_LITERAL_NULL_CONVERSION = YES;
				CLANG_WARN_OBJC_IMPLICIT_RETAIN_SELF = YES;
				CLANG_WARN_OBJC_LITERAL_CONVERSION = YES;
				CLANG_WARN_OBJC_ROOT_CLASS = YES_ERROR;
				CLANG_WARN_RANGE_LOOP_ANALYSIS = YES;
				CLANG_WARN_STRICT_PROTOTYPES = YES;
				CLANG_WARN_SUSPICIOUS_MOVE = YES;
				CLANG_WARN_UNGUARDED_AVAILABILITY = YES_AGGRESSIVE;
				CLANG_WARN_UNREACHABLE_CODE = YES;
				CLANG_WARN__DUPLICATE_METHOD_MATCH = YES;
				COPY_PHASE_STRIP = NO;
				DEBUG_INFORMATION_FORMAT = dwarf;
				ENABLE_STRICT_OBJC_MSGSEND = YES;
				ENABLE_TESTABILITY = YES;
				GCC_C_LANGUAGE_STANDARD = gnu11;
				GCC_DYNAMIC_NO_PIC = NO;
				GCC_NO_COMMON_BLOCKS = YES;
				GCC_OPTIMIZATION_LEVEL = 0;
				GCC_PREPROCESSOR_DEFINITIONS = (
					"DEBUG=1",
					"$(inherited)",
				);
				GCC_WARN_64_TO_32_BIT_CONVERSION = YES;
				GCC_WARN_ABOUT_RETURN_TYPE = YES_ERROR;
				GCC_WARN_UNDECLARED_SELECTOR = YES;
				GCC_WARN_UNINITIALIZED_AUTOS = YES_AGGRESSIVE;
				GCC_WARN_UNUSED_FUNCTION = YES;
				GCC_WARN_UNUSED_VARIABLE = YES;
				IPHONEOS_DEPLOYMENT_TARGET = 13.2;
				MTL_ENABLE_DEBUG_INFO = INCLUDE_SOURCE;
				MTL_FAST_MATH = YES;
				ONLY_ACTIVE_ARCH = YES;
				SDKROOT = iphoneos;
				SWIFT_ACTIVE_COMPILATION_CONDITIONS = DEBUG;
				SWIFT_OPTIMIZATION_LEVEL = "-Onone";
			};
			name = Debug;
		};
		CA7089D123A05F84004E9733 /* Release */ = {
			isa = XCBuildConfiguration;
			buildSettings = {
				ALWAYS_SEARCH_USER_PATHS = NO;
				CLANG_ANALYZER_NONNULL = YES;
				CLANG_ANALYZER_NUMBER_OBJECT_CONVERSION = YES_AGGRESSIVE;
				CLANG_CXX_LANGUAGE_STANDARD = "gnu++14";
				CLANG_CXX_LIBRARY = "libc++";
				CLANG_ENABLE_MODULES = YES;
				CLANG_ENABLE_OBJC_ARC = YES;
				CLANG_ENABLE_OBJC_WEAK = YES;
				CLANG_WARN_BLOCK_CAPTURE_AUTORELEASING = YES;
				CLANG_WARN_BOOL_CONVERSION = YES;
				CLANG_WARN_COMMA = YES;
				CLANG_WARN_CONSTANT_CONVERSION = YES;
				CLANG_WARN_DEPRECATED_OBJC_IMPLEMENTATIONS = YES;
				CLANG_WARN_DIRECT_OBJC_ISA_USAGE = YES_ERROR;
				CLANG_WARN_DOCUMENTATION_COMMENTS = YES;
				CLANG_WARN_EMPTY_BODY = YES;
				CLANG_WARN_ENUM_CONVERSION = YES;
				CLANG_WARN_INFINITE_RECURSION = YES;
				CLANG_WARN_INT_CONVERSION = YES;
				CLANG_WARN_NON_LITERAL_NULL_CONVERSION = YES;
				CLANG_WARN_OBJC_IMPLICIT_RETAIN_SELF = YES;
				CLANG_WARN_OBJC_LITERAL_CONVERSION = YES;
				CLANG_WARN_OBJC_ROOT_CLASS = YES_ERROR;
				CLANG_WARN_RANGE_LOOP_ANALYSIS = YES;
				CLANG_WARN_STRICT_PROTOTYPES = YES;
				CLANG_WARN_SUSPICIOUS_MOVE = YES;
				CLANG_WARN_UNGUARDED_AVAILABILITY = YES_AGGRESSIVE;
				CLANG_WARN_UNREACHABLE_CODE = YES;
				CLANG_WARN__DUPLICATE_METHOD_MATCH = YES;
				COPY_PHASE_STRIP = NO;
				DEBUG_INFORMATION_FORMAT = "dwarf-with-dsym";
				ENABLE_NS_ASSERTIONS = NO;
				ENABLE_STRICT_OBJC_MSGSEND = YES;
				GCC_C_LANGUAGE_STANDARD = gnu11;
				GCC_NO_COMMON_BLOCKS = YES;
				GCC_WARN_64_TO_32_BIT_CONVERSION = YES;
				GCC_WARN_ABOUT_RETURN_TYPE = YES_ERROR;
				GCC_WARN_UNDECLARED_SELECTOR = YES;
				GCC_WARN_UNINITIALIZED_AUTOS = YES_AGGRESSIVE;
				GCC_WARN_UNUSED_FUNCTION = YES;
				GCC_WARN_UNUSED_VARIABLE = YES;
				IPHONEOS_DEPLOYMENT_TARGET = 13.2;
				MTL_ENABLE_DEBUG_INFO = NO;
				MTL_FAST_MATH = YES;
				SDKROOT = iphoneos;
				SWIFT_COMPILATION_MODE = wholemodule;
				SWIFT_OPTIMIZATION_LEVEL = "-O";
				VALIDATE_PRODUCT = YES;
			};
			name = Release;
		};
		CA7089D323A05F84004E9733 /* Debug */ = {
			isa = XCBuildConfiguration;
			buildSettings = {
				ASSETCATALOG_COMPILER_APPICON_NAME = AppIcon;
				CODE_SIGN_ENTITLEMENTS = catalinaTestApp/catalinaTestApp.entitlements;
				CODE_SIGN_IDENTITY = "Apple Development";
				"CODE_SIGN_IDENTITY[sdk=macosx*]" = "Apple Development";
				CODE_SIGN_STYLE = Automatic;
				DERIVE_MACCATALYST_PRODUCT_BUNDLE_IDENTIFIER = YES;
				DEVELOPMENT_TEAM = S6JSG6FHB3;
				INFOPLIST_FILE = catalinaTestApp/Info.plist;
				LD_RUNPATH_SEARCH_PATHS = (
					"$(inherited)",
					"@executable_path/Frameworks",
				);
				PRODUCT_BUNDLE_IDENTIFIER = com.flurry.hphays.catalinaTestApp;
				PRODUCT_NAME = "$(TARGET_NAME)";
				PROVISIONING_PROFILE_SPECIFIER = "";
				"PROVISIONING_PROFILE_SPECIFIER[sdk=macosx*]" = "";
				SUPPORTS_MACCATALYST = YES;
				SWIFT_OBJC_BRIDGING_HEADER = "catalinaTestApp/bridging-header.h";
				SWIFT_VERSION = 5.0;
				TARGETED_DEVICE_FAMILY = "1,2";
			};
			name = Debug;
		};
		CA7089D423A05F84004E9733 /* Release */ = {
			isa = XCBuildConfiguration;
			buildSettings = {
				ASSETCATALOG_COMPILER_APPICON_NAME = AppIcon;
				CODE_SIGN_ENTITLEMENTS = catalinaTestApp/catalinaTestApp.entitlements;
				CODE_SIGN_IDENTITY = "Apple Development";
				"CODE_SIGN_IDENTITY[sdk=macosx*]" = "Apple Development";
				CODE_SIGN_STYLE = Automatic;
				DERIVE_MACCATALYST_PRODUCT_BUNDLE_IDENTIFIER = YES;
				DEVELOPMENT_TEAM = S6JSG6FHB3;
				INFOPLIST_FILE = catalinaTestApp/Info.plist;
				LD_RUNPATH_SEARCH_PATHS = (
					"$(inherited)",
					"@executable_path/Frameworks",
				);
				PRODUCT_BUNDLE_IDENTIFIER = com.flurry.hphays.catalinaTestApp;
				PRODUCT_NAME = "$(TARGET_NAME)";
				PROVISIONING_PROFILE_SPECIFIER = "";
				"PROVISIONING_PROFILE_SPECIFIER[sdk=macosx*]" = "";
				SUPPORTS_MACCATALYST = YES;
				SWIFT_OBJC_BRIDGING_HEADER = "catalinaTestApp/bridging-header.h";
				SWIFT_VERSION = 5.0;
				TARGETED_DEVICE_FAMILY = "1,2";
			};
			name = Release;
		};
/* End XCBuildConfiguration section */

/* Begin XCConfigurationList section */
		CA7089B923A05F82004E9733 /* Build configuration list for PBXProject "catalinaTestApp" */ = {
			isa = XCConfigurationList;
			buildConfigurations = (
				CA7089D023A05F84004E9733 /* Debug */,
				CA7089D123A05F84004E9733 /* Release */,
			);
			defaultConfigurationIsVisible = 0;
			defaultConfigurationName = Release;
		};
		CA7089D223A05F84004E9733 /* Build configuration list for PBXNativeTarget "catalinaTestApp" */ = {
			isa = XCConfigurationList;
			buildConfigurations = (
				CA7089D323A05F84004E9733 /* Debug */,
				CA7089D423A05F84004E9733 /* Release */,
			);
			defaultConfigurationIsVisible = 0;
			defaultConfigurationName = Release;
		};
/* End XCConfigurationList section */
	};
	rootObject = CA7089B623A05F82004E9733 /* Project object */;
}
